
Microsoft Visual Studio Solution File, Format Version 12.00
# Visual Studio Version 16
VisualStudioVersion = 16.0.31321.278
MinimumVisualStudioVersion = 10.0.40219.1
Project("{FAE04EC0-301F-11D3-BF4B-00C04F79EFBC}") = "Exemplo.DependencyInjection", "Exemplo.DependencyInjection\Exemplo.DependencyInjection.csproj", "{00934C53-4FD9-498B-8A06-7A530D1D19A7}"
EndProject
Global
	GlobalSection(SolutionConfigurationPlatforms) = preSolution
		Debug|Any CPU = Debug|Any CPU
		Release|Any CPU = Release|Any CPU
	EndGlobalSection
	GlobalSection(ProjectConfigurationPlatforms) = postSolution
		{00934C53-4FD9-498B-8A06-7A530D1D19A7}.Debug|Any CPU.ActiveCfg = Debug|Any CPU
		{00934C53-4FD9-498B-8A06-7A530D1D19A7}.Debug|Any CPU.Build.0 = Debug|Any CPU
		{00934C53-4FD9-498B-8A06-7A530D1D19A7}.Release|Any CPU.ActiveCfg = Release|Any CPU
		{00934C53-4FD9-498B-8A06-7A530D1D19A7}.Release|Any CPU.Build.0 = Release|Any CPU
	EndGlobalSection
	GlobalSection(SolutionProperties) = preSolution
		HideSolutionNode = FALSE
	EndGlobalSection
	GlobalSection(ExtensibilityGlobals) = postSolution
		SolutionGuid = {B057866B-DC43-447B-83B2-BBBDC697DC94}
	EndGlobalSection
EndGlobal
